
Microsoft Visual Studio Solution File, Format Version 12.00
# Visual Studio 2015
Project("{FAE04EC0-301F-11D3-BF4B-00C04F79EFBC}") = "InsightVRModule.Plugins", "InsightVRModule.Plugins.csproj", "{FBA74FE0-B05F-AEB6-759F-77EABD8166CC}"
EndProject
Project("{FAE04EC0-301F-11D3-BF4B-00C04F79EFBC}") = "InsightVRModule.Editor.Plugins", "InsightVRModule.Editor.Plugins.csproj", "{07B04ABA-7F2D-99AC-9D32-A73F14555F51}"
EndProject
Global
	GlobalSection(SolutionConfigurationPlatforms) = preSolution
		Debug|Any CPU = Debug|Any CPU
		Release|Any CPU = Release|Any CPU
	EndGlobalSection
	GlobalSection(ProjectConfigurationPlatforms) = postSolution
		{FBA74FE0-B05F-AEB6-759F-77EABD8166CC}.Debug|Any CPU.ActiveCfg = Debug|Any CPU
		{FBA74FE0-B05F-AEB6-759F-77EABD8166CC}.Debug|Any CPU.Build.0 = Debug|Any CPU
		{FBA74FE0-B05F-AEB6-759F-77EABD8166CC}.Release|Any CPU.ActiveCfg = Release|Any CPU
		{FBA74FE0-B05F-AEB6-759F-77EABD8166CC}.Release|Any CPU.Build.0 = Release|Any CPU
		{07B04ABA-7F2D-99AC-9D32-A73F14555F51}.Debug|Any CPU.ActiveCfg = Debug|Any CPU
		{07B04ABA-7F2D-99AC-9D32-A73F14555F51}.Debug|Any CPU.Build.0 = Debug|Any CPU
		{07B04ABA-7F2D-99AC-9D32-A73F14555F51}.Release|Any CPU.ActiveCfg = Release|Any CPU
		{07B04ABA-7F2D-99AC-9D32-A73F14555F51}.Release|Any CPU.Build.0 = Release|Any CPU
	EndGlobalSection
	GlobalSection(SolutionProperties) = preSolution
		HideSolutionNode = FALSE
	EndGlobalSection
EndGlobal
